// !$*UTF8*$!
{
	archiveVersion = 1;
	classes = {
	};
	objectVersion = 46;
	objects = {

/* Begin PBXBuildFile section */
		7B2BD5B519C224FA00E842E1 /* TCPHandler.swift in Sources */ = {isa = PBXBuildFile; fileRef = 7B2BD5B419C224FA00E842E1 /* TCPHandler.swift */; };
		7B2BD5B719C2250800E842E1 /* Joystick.swift in Sources */ = {isa = PBXBuildFile; fileRef = 7B2BD5B619C2250800E842E1 /* Joystick.swift */; };
		7B5BD4CF19C2FF1000FCC1DB /* MapKit.framework in Frameworks */ = {isa = PBXBuildFile; fileRef = 7B5BD4CE19C2FF1000FCC1DB /* MapKit.framework */; };
		7B69DB7D19C215CF006A0546 /* AppDelegate.swift in Sources */ = {isa = PBXBuildFile; fileRef = 7B69DB7C19C215CF006A0546 /* AppDelegate.swift */; };
		7B69DB7F19C215CF006A0546 /* LoginViewController.swift in Sources */ = {isa = PBXBuildFile; fileRef = 7B69DB7E19C215CF006A0546 /* LoginViewController.swift */; };
		7B69DB8219C215CF006A0546 /* Main.storyboard in Resources */ = {isa = PBXBuildFile; fileRef = 7B69DB8019C215CF006A0546 /* Main.storyboard */; };
		7B69DB8419C215CF006A0546 /* Images.xcassets in Resources */ = {isa = PBXBuildFile; fileRef = 7B69DB8319C215CF006A0546 /* Images.xcassets */; };
		7B69DB8719C215CF006A0546 /* LaunchScreen.xib in Resources */ = {isa = PBXBuildFile; fileRef = 7B69DB8519C215CF006A0546 /* LaunchScreen.xib */; };
		7B69DB9319C215CF006A0546 /* QvisDevTests.swift in Sources */ = {isa = PBXBuildFile; fileRef = 7B69DB9219C215CF006A0546 /* QvisDevTests.swift */; };
		7BF219F219C21EF10016C443 /* HomeViewController.swift in Sources */ = {isa = PBXBuildFile; fileRef = 7BF219F119C21EF10016C443 /* HomeViewController.swift */; };
/* End PBXBuildFile section */

/* Begin PBXContainerItemProxy section */
		7B69DB8D19C215CF006A0546 /* PBXContainerItemProxy */ = {
			isa = PBXContainerItemProxy;
			containerPortal = 7B69DB6F19C215CF006A0546 /* Project object */;
			proxyType = 1;
			remoteGlobalIDString = 7B69DB7619C215CF006A0546;
			remoteInfo = QvisDev;
		};
/* End PBXContainerItemProxy section */

/* Begin PBXFileReference section */
		7B2BD5B419C224FA00E842E1 /* TCPHandler.swift */ = {isa = PBXFileReference; fileEncoding = 4; lastKnownFileType = sourcecode.swift; path = TCPHandler.swift; sourceTree = "<group>"; };
		7B2BD5B619C2250800E842E1 /* Joystick.swift */ = {isa = PBXFileReference; fileEncoding = 4; lastKnownFileType = sourcecode.swift; path = Joystick.swift; sourceTree = "<group>"; };
		7B5BD4CE19C2FF1000FCC1DB /* MapKit.framework */ = {isa = PBXFileReference; lastKnownFileType = wrapper.framework; name = MapKit.framework; path = System/Library/Frameworks/MapKit.framework; sourceTree = SDKROOT; };
		7B69DB7719C215CF006A0546 /* QvisDev.app */ = {isa = PBXFileReference; explicitFileType = wrapper.application; includeInIndex = 0; path = QvisDev.app; sourceTree = BUILT_PRODUCTS_DIR; };
		7B69DB7B19C215CF006A0546 /* Info.plist */ = {isa = PBXFileReference; lastKnownFileType = text.plist.xml; path = Info.plist; sourceTree = "<group>"; };
		7B69DB7C19C215CF006A0546 /* AppDelegate.swift */ = {isa = PBXFileReference; lastKnownFileType = sourcecode.swift; path = AppDelegate.swift; sourceTree = "<group>"; };
		7B69DB7E19C215CF006A0546 /* LoginViewController.swift */ = {isa = PBXFileReference; lastKnownFileType = sourcecode.swift; path = LoginViewController.swift; sourceTree = "<group>"; };
		7B69DB8119C215CF006A0546 /* Base */ = {isa = PBXFileReference; lastKnownFileType = file.storyboard; name = Base; path = Base.lproj/Main.storyboard; sourceTree = "<group>"; };
		7B69DB8319C215CF006A0546 /* Images.xcassets */ = {isa = PBXFileReference; lastKnownFileType = folder.assetcatalog; path = Images.xcassets; sourceTree = "<group>"; };
		7B69DB8619C215CF006A0546 /* Base */ = {isa = PBXFileReference; lastKnownFileType = file.xib; name = Base; path = Base.lproj/LaunchScreen.xib; sourceTree = "<group>"; };
		7B69DB8C19C215CF006A0546 /* QvisDevTests.xctest */ = {isa = PBXFileReference; explicitFileType = wrapper.cfbundle; includeInIndex = 0; path = QvisDevTests.xctest; sourceTree = BUILT_PRODUCTS_DIR; };
		7B69DB9119C215CF006A0546 /* Info.plist */ = {isa = PBXFileReference; lastKnownFileType = text.plist.xml; path = Info.plist; sourceTree = "<group>"; };
		7B69DB9219C215CF006A0546 /* QvisDevTests.swift */ = {isa = PBXFileReference; lastKnownFileType = sourcecode.swift; path = QvisDevTests.swift; sourceTree = "<group>"; };
		7BF219F119C21EF10016C443 /* HomeViewController.swift */ = {isa = PBXFileReference; fileEncoding = 4; lastKnownFileType = sourcecode.swift; path = HomeViewController.swift; sourceTree = "<group>"; };
/* End PBXFileReference section */

/* Begin PBXFrameworksBuildPhase section */
		7B69DB7419C215CF006A0546 /* Frameworks */ = {
			isa = PBXFrameworksBuildPhase;
			buildActionMask = 2147483647;
			files = (
				7B5BD4CF19C2FF1000FCC1DB /* MapKit.framework in Frameworks */,
			);
			runOnlyForDeploymentPostprocessing = 0;
		};
		7B69DB8919C215CF006A0546 /* Frameworks */ = {
			isa = PBXFrameworksBuildPhase;
			buildActionMask = 2147483647;
			files = (
			);
			runOnlyForDeploymentPostprocessing = 0;
		};
/* End PBXFrameworksBuildPhase section */

/* Begin PBXGroup section */
		7B69DB6E19C215CF006A0546 = {
			isa = PBXGroup;
			children = (
				7B5BD4CE19C2FF1000FCC1DB /* MapKit.framework */,
				7B69DB7919C215CF006A0546 /* QvisDev */,
				7B69DB8F19C215CF006A0546 /* QvisDevTests */,
				7B69DB7819C215CF006A0546 /* Products */,
			);
			sourceTree = "<group>";
		};
		7B69DB7819C215CF006A0546 /* Products */ = {
			isa = PBXGroup;
			children = (
				7B69DB7719C215CF006A0546 /* QvisDev.app */,
				7B69DB8C19C215CF006A0546 /* QvisDevTests.xctest */,
			);
			name = Products;
			sourceTree = "<group>";
		};
		7B69DB7919C215CF006A0546 /* QvisDev */ = {
			isa = PBXGroup;
			children = (
				7B69DB7C19C215CF006A0546 /* AppDelegate.swift */,
				7B69DB7E19C215CF006A0546 /* LoginViewController.swift */,
				7BF219F119C21EF10016C443 /* HomeViewController.swift */,
				7B69DB8019C215CF006A0546 /* Main.storyboard */,
				7B69DB8319C215CF006A0546 /* Images.xcassets */,
				7B69DB8519C215CF006A0546 /* LaunchScreen.xib */,
				7B2BD5B419C224FA00E842E1 /* TCPHandler.swift */,
				7B2BD5B619C2250800E842E1 /* Joystick.swift */,
				7B69DB7A19C215CF006A0546 /* Supporting Files */,
			);
			path = QvisDev;
			sourceTree = "<group>";
		};
		7B69DB7A19C215CF006A0546 /* Supporting Files */ = {
			isa = PBXGroup;
			children = (
				7B69DB7B19C215CF006A0546 /* Info.plist */,
			);
			name = "Supporting Files";
			sourceTree = "<group>";
		};
		7B69DB8F19C215CF006A0546 /* QvisDevTests */ = {
			isa = PBXGroup;
			children = (
				7B69DB9219C215CF006A0546 /* QvisDevTests.swift */,
				7B69DB9019C215CF006A0546 /* Supporting Files */,
			);
			path = QvisDevTests;
			sourceTree = "<group>";
		};
		7B69DB9019C215CF006A0546 /* Supporting Files */ = {
			isa = PBXGroup;
			children = (
				7B69DB9119C215CF006A0546 /* Info.plist */,
			);
			name = "Supporting Files";
			sourceTree = "<group>";
		};
/* End PBXGroup section */

/* Begin PBXNativeTarget section */
		7B69DB7619C215CF006A0546 /* QvisDev */ = {
			isa = PBXNativeTarget;
			buildConfigurationList = 7B69DB9619C215CF006A0546 /* Build configuration list for PBXNativeTarget "QvisDev" */;
			buildPhases = (
				7B69DB7319C215CF006A0546 /* Sources */,
				7B69DB7419C215CF006A0546 /* Frameworks */,
				7B69DB7519C215CF006A0546 /* Resources */,
			);
			buildRules = (
			);
			dependencies = (
			);
			name = QvisDev;
			productName = QvisDev;
			productReference = 7B69DB7719C215CF006A0546 /* QvisDev.app */;
			productType = "com.apple.product-type.application";
		};
		7B69DB8B19C215CF006A0546 /* QvisDevTests */ = {
			isa = PBXNativeTarget;
			buildConfigurationList = 7B69DB9919C215CF006A0546 /* Build configuration list for PBXNativeTarget "QvisDevTests" */;
			buildPhases = (
				7B69DB8819C215CF006A0546 /* Sources */,
				7B69DB8919C215CF006A0546 /* Frameworks */,
				7B69DB8A19C215CF006A0546 /* Resources */,
			);
			buildRules = (
			);
			dependencies = (
				7B69DB8E19C215CF006A0546 /* PBXTargetDependency */,
			);
			name = QvisDevTests;
			productName = QvisDevTests;
			productReference = 7B69DB8C19C215CF006A0546 /* QvisDevTests.xctest */;
			productType = "com.apple.product-type.bundle.unit-test";
		};
/* End PBXNativeTarget section */

/* Begin PBXProject section */
		7B69DB6F19C215CF006A0546 /* Project object */ = {
			isa = PBXProject;
			attributes = {
				LastUpgradeCheck = 0600;
				ORGANIZATIONNAME = Quadvisio;
				TargetAttributes = {
					7B69DB7619C215CF006A0546 = {
						CreatedOnToolsVersion = 6.0;
					};
					7B69DB8B19C215CF006A0546 = {
						CreatedOnToolsVersion = 6.0;
						TestTargetID = 7B69DB7619C215CF006A0546;
					};
				};
			};
			buildConfigurationList = 7B69DB7219C215CF006A0546 /* Build configuration list for PBXProject "QvisDev" */;
			compatibilityVersion = "Xcode 3.2";
			developmentRegion = English;
			hasScannedForEncodings = 0;
			knownRegions = (
				en,
				Base,
			);
			mainGroup = 7B69DB6E19C215CF006A0546;
			productRefGroup = 7B69DB7819C215CF006A0546 /* Products */;
			projectDirPath = "";
			projectRoot = "";
			targets = (
				7B69DB7619C215CF006A0546 /* QvisDev */,
				7B69DB8B19C215CF006A0546 /* QvisDevTests */,
			);
		};
/* End PBXProject section */

/* Begin PBXResourcesBuildPhase section */
		7B69DB7519C215CF006A0546 /* Resources */ = {
			isa = PBXResourcesBuildPhase;
			buildActionMask = 2147483647;
			files = (
				7B69DB8219C215CF006A0546 /* Main.storyboard in Resources */,
				7B69DB8719C215CF006A0546 /* LaunchScreen.xib in Resources */,
				7B69DB8419C215CF006A0546 /* Images.xcassets in Resources */,
			);
			runOnlyForDeploymentPostprocessing = 0;
		};
		7B69DB8A19C215CF006A0546 /* Resources */ = {
			isa = PBXResourcesBuildPhase;
			buildActionMask = 2147483647;
			files = (
			);
			runOnlyForDeploymentPostprocessing = 0;
		};
/* End PBXResourcesBuildPhase section */

/* Begin PBXSourcesBuildPhase section */
		7B69DB7319C215CF006A0546 /* Sources */ = {
			isa = PBXSourcesBuildPhase;
			buildActionMask = 2147483647;
			files = (
				7B2BD5B519C224FA00E842E1 /* TCPHandler.swift in Sources */,
				7B69DB7F19C215CF006A0546 /* LoginViewController.swift in Sources */,
				7B2BD5B719C2250800E842E1 /* Joystick.swift in Sources */,
				7BF219F219C21EF10016C443 /* HomeViewController.swift in Sources */,
				7B69DB7D19C215CF006A0546 /* AppDelegate.swift in Sources */,
			);
			runOnlyForDeploymentPostprocessing = 0;
		};
		7B69DB8819C215CF006A0546 /* Sources */ = {
			isa = PBXSourcesBuildPhase;
			buildActionMask = 2147483647;
			files = (
				7B69DB9319C215CF006A0546 /* QvisDevTests.swift in Sources */,
			);
			runOnlyForDeploymentPostprocessing = 0;
		};
/* End PBXSourcesBuildPhase section */

/* Begin PBXTargetDependency section */
		7B69DB8E19C215CF006A0546 /* PBXTargetDependency */ = {
			isa = PBXTargetDependency;
			target = 7B69DB7619C215CF006A0546 /* QvisDev */;
			targetProxy = 7B69DB8D19C215CF006A0546 /* PBXContainerItemProxy */;
		};
/* End PBXTargetDependency section */

/* Begin PBXVariantGroup section */
		7B69DB8019C215CF006A0546 /* Main.storyboard */ = {
			isa = PBXVariantGroup;
			children = (
				7B69DB8119C215CF006A0546 /* Base */,
			);
			name = Main.storyboard;
			sourceTree = "<group>";
		};
		7B69DB8519C215CF006A0546 /* LaunchScreen.xib */ = {
			isa = PBXVariantGroup;
			children = (
				7B69DB8619C215CF006A0546 /* Base */,
			);
			name = LaunchScreen.xib;
			sourceTree = "<group>";
		};
/* End PBXVariantGroup section */

/* Begin XCBuildConfiguration section */
		7B69DB9419C215CF006A0546 /* Debug */ = {
			isa = XCBuildConfiguration;
			buildSettings = {
				ALWAYS_SEARCH_USER_PATHS = NO;
				CLANG_CXX_LANGUAGE_STANDARD = "gnu++0x";
				CLANG_CXX_LIBRARY = "libc++";
				CLANG_ENABLE_MODULES = YES;
				CLANG_ENABLE_OBJC_ARC = YES;
				CLANG_WARN_BOOL_CONVERSION = YES;
				CLANG_WARN_CONSTANT_CONVERSION = YES;
				CLANG_WARN_DIRECT_OBJC_ISA_USAGE = YES_ERROR;
				CLANG_WARN_EMPTY_BODY = YES;
				CLANG_WARN_ENUM_CONVERSION = YES;
				CLANG_WARN_INT_CONVERSION = YES;
				CLANG_WARN_OBJC_ROOT_CLASS = YES_ERROR;
				CLANG_WARN_UNREACHABLE_CODE = YES;
				CLANG_WARN__DUPLICATE_METHOD_MATCH = YES;
				"CODE_SIGN_IDENTITY[sdk=iphoneos*]" = "iPhone Developer";
				COPY_PHASE_STRIP = NO;
				ENABLE_STRICT_OBJC_MSGSEND = YES;
				GCC_C_LANGUAGE_STANDARD = gnu99;
				GCC_DYNAMIC_NO_PIC = NO;
				GCC_OPTIMIZATION_LEVEL = 0;
				GCC_PREPROCESSOR_DEFINITIONS = (
					"DEBUG=1",
					"$(inherited)",
				);
				GCC_SYMBOLS_PRIVATE_EXTERN = NO;
				GCC_WARN_64_TO_32_BIT_CONVERSION = YES;
				GCC_WARN_ABOUT_RETURN_TYPE = YES_ERROR;
				GCC_WARN_UNDECLARED_SELECTOR = YES;
				GCC_WARN_UNINITIALIZED_AUTOS = YES_AGGRESSIVE;
				GCC_WARN_UNUSED_FUNCTION = YES;
				GCC_WARN_UNUSED_VARIABLE = YES;
				IPHONEOS_DEPLOYMENT_TARGET = 8.0;
				MTL_ENABLE_DEBUG_INFO = YES;
				ONLY_ACTIVE_ARCH = YES;
				SDKROOT = iphoneos;
				SWIFT_OPTIMIZATION_LEVEL = "-Onone";
				TARGETED_DEVICE_FAMILY = "1,2";
			};
			name = Debug;
		};
		7B69DB9519C215CF006A0546 /* Release */ = {
			isa = XCBuildConfiguration;
			buildSettings = {
				ALWAYS_SEARCH_USER_PATHS = NO;
				CLANG_CXX_LANGUAGE_STANDARD = "gnu++0x";
				CLANG_CXX_LIBRARY = "libc++";
				CLANG_ENABLE_MODULES = YES;
				CLANG_ENABLE_OBJC_ARC = YES;
				CLANG_WARN_BOOL_CONVERSION = YES;
				CLANG_WARN_CONSTANT_CONVERSION = YES;
				CLANG_WARN_DIRECT_OBJC_ISA_USAGE = YES_ERROR;
				CLANG_WARN_EMPTY_BODY = YES;
				CLANG_WARN_ENUM_CONVERSION = YES;
				CLANG_WARN_INT_CONVERSION = YES;
				CLANG_WARN_OBJC_ROOT_CLASS = YES_ERROR;
				CLANG_WARN_UNREACHABLE_CODE = YES;
				CLANG_WARN__DUPLICATE_METHOD_MATCH = YES;
				"CODE_SIGN_IDENTITY[sdk=iphoneos*]" = "iPhone Developer";
				COPY_PHASE_STRIP = YES;
				ENABLE_NS_ASSERTIONS = NO;
				ENABLE_STRICT_OBJC_MSGSEND = YES;
				GCC_C_LANGUAGE_STANDARD = gnu99;
				GCC_WARN_64_TO_32_BIT_CONVERSION = YES;
				GCC_WARN_ABOUT_RETURN_TYPE = YES_ERROR;
				GCC_WARN_UNDECLARED_SELECTOR = YES;
				GCC_WARN_UNINITIALIZED_AUTOS = YES_AGGRESSIVE;
				GCC_WARN_UNUSED_FUNCTION = YES;
				GCC_WARN_UNUSED_VARIABLE = YES;
				IPHONEOS_DEPLOYMENT_TARGET = 8.0;
				MTL_ENABLE_DEBUG_INFO = NO;
				SDKROOT = iphoneos;
				TARGETED_DEVICE_FAMILY = "1,2";
				VALIDATE_PRODUCT = YES;
			};
			name = Release;
		};
		7B69DB9719C215CF006A0546 /* Debug */ = {
			isa = XCBuildConfiguration;
			buildSettings = {
				ASSETCATALOG_COMPILER_APPICON_NAME = AppIcon;
				INFOPLIST_FILE = QvisDev/Info.plist;
				LD_RUNPATH_SEARCH_PATHS = "$(inherited) @executable_path/Frameworks";
				PRODUCT_NAME = "$(TARGET_NAME)";
				SWIFT_OPTIMIZATION_LEVEL = "-Ounchecked";
				TARGETED_DEVICE_FAMILY = 2;
			};
			name = Debug;
		};
		7B69DB9819C215CF006A0546 /* Release */ = {
			isa = XCBuildConfiguration;
			buildSettings = {
				ASSETCATALOG_COMPILER_APPICON_NAME = AppIcon;
				INFOPLIST_FILE = QvisDev/Info.plist;
				LD_RUNPATH_SEARCH_PATHS = "$(inherited) @executable_path/Frameworks";
				PRODUCT_NAME = "$(TARGET_NAME)";
				SWIFT_OPTIMIZATION_LEVEL = "-Ounchecked";
				TARGETED_DEVICE_FAMILY = 2;
			};
			name = Release;
		};
		7B69DB9A19C215CF006A0546 /* Debug */ = {
			isa = XCBuildConfiguration;
			buildSettings = {
				BUNDLE_LOADER = "$(TEST_HOST)";
				FRAMEWORK_SEARCH_PATHS = (
					"$(SDKROOT)/Developer/Library/Frameworks",
					"$(inherited)",
				);
				GCC_PREPROCESSOR_DEFINITIONS = (
					"DEBUG=1",
					"$(inherited)",
				);
				INFOPLIST_FILE = QvisDevTests/Info.plist;
				LD_RUNPATH_SEARCH_PATHS = "$(inherited) @executable_path/Frameworks @loader_path/Frameworks";
				PRODUCT_NAME = "$(TARGET_NAME)";
				TEST_HOST = "$(BUILT_PRODUCTS_DIR)/QvisDev.app/QvisDev";
			};
			name = Debug;
		};
		7B69DB9B19C215CF006A0546 /* Release */ = {
			isa = XCBuildConfiguration;
			buildSettings = {
				BUNDLE_LOADER = "$(TEST_HOST)";
				FRAMEWORK_SEARCH_PATHS = (
					"$(SDKROOT)/Developer/Library/Frameworks",
					"$(inherited)",
				);
				INFOPLIST_FILE = QvisDevTests/Info.plist;
				LD_RUNPATH_SEARCH_PATHS = "$(inherited) @executable_path/Frameworks @loader_path/Frameworks";
				PRODUCT_NAME = "$(TARGET_NAME)";
				TEST_HOST = "$(BUILT_PRODUCTS_DIR)/QvisDev.app/QvisDev";
			};
			name = Release;
		};
/* End XCBuildConfiguration section */

/* Begin XCConfigurationList section */
		7B69DB7219C215CF006A0546 /* Build configuration list for PBXProject "QvisDev" */ = {
			isa = XCConfigurationList;
			buildConfigurations = (
				7B69DB9419C215CF006A0546 /* Debug */,
				7B69DB9519C215CF006A0546 /* Release */,
			);
			defaultConfigurationIsVisible = 0;
			defaultConfigurationName = Release;
		};
		7B69DB9619C215CF006A0546 /* Build configuration list for PBXNativeTarget "QvisDev" */ = {
			isa = XCConfigurationList;
			buildConfigurations = (
				7B69DB9719C215CF006A0546 /* Debug */,
				7B69DB9819C215CF006A0546 /* Release */,
			);
			defaultConfigurationIsVisible = 0;
			defaultConfigurationName = Release;
		};
		7B69DB9919C215CF006A0546 /* Build configuration list for PBXNativeTarget "QvisDevTests" */ = {
			isa = XCConfigurationList;
			buildConfigurations = (
				7B69DB9A19C215CF006A0546 /* Debug */,
				7B69DB9B19C215CF006A0546 /* Release */,
			);
			defaultConfigurationIsVisible = 0;
			defaultConfigurationName = Release;
		};
/* End XCConfigurationList section */
	};
	rootObject = 7B69DB6F19C215CF006A0546 /* Project object */;
}
